
Microsoft Visual Studio Solution File, Format Version 12.00
Project("{FAE04EC0-301F-11D3-BF4B-00C04F79EFBC}") = "BugTracker", "BugTracker\BugTracker.csproj", "{D3211F82-F827-4FDE-837F-B43BACA7B037}"
EndProject
Global
	GlobalSection(SolutionConfigurationPlatforms) = preSolution
		Debug|Any CPU = Debug|Any CPU
		Release|Any CPU = Release|Any CPU
	EndGlobalSection
	GlobalSection(ProjectConfigurationPlatforms) = postSolution
		{D3211F82-F827-4FDE-837F-B43BACA7B037}.Debug|Any CPU.ActiveCfg = Debug|Any CPU
		{D3211F82-F827-4FDE-837F-B43BACA7B037}.Debug|Any CPU.Build.0 = Debug|Any CPU
		{D3211F82-F827-4FDE-837F-B43BACA7B037}.Release|Any CPU.ActiveCfg = Release|Any CPU
		{D3211F82-F827-4FDE-837F-B43BACA7B037}.Release|Any CPU.Build.0 = Release|Any CPU
	EndGlobalSection
EndGlobal
